// !$*UTF8*$!
{
	archiveVersion = 1;
	classes = {
	};
	objectVersion = 50;
	objects = {

/* Begin PBXBuildFile section */
		FE3A22372586D9FD0061468C /* ccApp.swift in Sources */ = {isa = PBXBuildFile; fileRef = FE3A22362586D9FD0061468C /* ccApp.swift */; };
		FE3A22392586D9FD0061468C /* ContentView.swift in Sources */ = {isa = PBXBuildFile; fileRef = FE3A22382586D9FD0061468C /* ContentView.swift */; };
		FE3A223B2586D9FE0061468C /* Assets.xcassets in Resources */ = {isa = PBXBuildFile; fileRef = FE3A223A2586D9FE0061468C /* Assets.xcassets */; };
		FE3A223E2586D9FE0061468C /* Preview Assets.xcassets in Resources */ = {isa = PBXBuildFile; fileRef = FE3A223D2586D9FE0061468C /* Preview Assets.xcassets */; };
		FE3A22492586D9FE0061468C /* ccTests.swift in Sources */ = {isa = PBXBuildFile; fileRef = FE3A22482586D9FE0061468C /* ccTests.swift */; };
		FE3A22542586D9FF0061468C /* ccUITests.swift in Sources */ = {isa = PBXBuildFile; fileRef = FE3A22532586D9FF0061468C /* ccUITests.swift */; };
/* End PBXBuildFile section */

/* Begin PBXContainerItemProxy section */
		FE3A22452586D9FE0061468C /* PBXContainerItemProxy */ = {
			isa = PBXContainerItemProxy;
			containerPortal = FE3A222B2586D9FD0061468C /* Project object */;
			proxyType = 1;
			remoteGlobalIDString = FE3A22322586D9FD0061468C;
			remoteInfo = cc;
		};
		FE3A22502586D9FF0061468C /* PBXContainerItemProxy */ = {
			isa = PBXContainerItemProxy;
			containerPortal = FE3A222B2586D9FD0061468C /* Project object */;
			proxyType = 1;
			remoteGlobalIDString = FE3A22322586D9FD0061468C;
			remoteInfo = cc;
		};
/* End PBXContainerItemProxy section */

/* Begin PBXFileReference section */
		FE3A22332586D9FD0061468C /* cc.app */ = {isa = PBXFileReference; explicitFileType = wrapper.application; includeInIndex = 0; path = cc.app; sourceTree = BUILT_PRODUCTS_DIR; };
		FE3A22362586D9FD0061468C /* ccApp.swift */ = {isa = PBXFileReference; lastKnownFileType = sourcecode.swift; path = ccApp.swift; sourceTree = "<group>"; };
		FE3A22382586D9FD0061468C /* ContentView.swift */ = {isa = PBXFileReference; lastKnownFileType = sourcecode.swift; path = ContentView.swift; sourceTree = "<group>"; };
		FE3A223A2586D9FE0061468C /* Assets.xcassets */ = {isa = PBXFileReference; lastKnownFileType = folder.assetcatalog; path = Assets.xcassets; sourceTree = "<group>"; };
		FE3A223D2586D9FE0061468C /* Preview Assets.xcassets */ = {isa = PBXFileReference; lastKnownFileType = folder.assetcatalog; path = "Preview Assets.xcassets"; sourceTree = "<group>"; };
		FE3A223F2586D9FE0061468C /* Info.plist */ = {isa = PBXFileReference; lastKnownFileType = text.plist.xml; path = Info.plist; sourceTree = "<group>"; };
		FE3A22442586D9FE0061468C /* ccTests.xctest */ = {isa = PBXFileReference; explicitFileType = wrapper.cfbundle; includeInIndex = 0; path = ccTests.xctest; sourceTree = BUILT_PRODUCTS_DIR; };
		FE3A22482586D9FE0061468C /* ccTests.swift */ = {isa = PBXFileReference; lastKnownFileType = sourcecode.swift; path = ccTests.swift; sourceTree = "<group>"; };
		FE3A224A2586D9FF0061468C /* Info.plist */ = {isa = PBXFileReference; lastKnownFileType = text.plist.xml; path = Info.plist; sourceTree = "<group>"; };
		FE3A224F2586D9FF0061468C /* ccUITests.xctest */ = {isa = PBXFileReference; explicitFileType = wrapper.cfbundle; includeInIndex = 0; path = ccUITests.xctest; sourceTree = BUILT_PRODUCTS_DIR; };
		FE3A22532586D9FF0061468C /* ccUITests.swift */ = {isa = PBXFileReference; lastKnownFileType = sourcecode.swift; path = ccUITests.swift; sourceTree = "<group>"; };
		FE3A22552586D9FF0061468C /* Info.plist */ = {isa = PBXFileReference; lastKnownFileType = text.plist.xml; path = Info.plist; sourceTree = "<group>"; };
/* End PBXFileReference section */

/* Begin PBXFrameworksBuildPhase section */
		FE3A22302586D9FD0061468C /* Frameworks */ = {
			isa = PBXFrameworksBuildPhase;
			buildActionMask = 2147483647;
			files = (
			);
			runOnlyForDeploymentPostprocessing = 0;
		};
		FE3A22412586D9FE0061468C /* Frameworks */ = {
			isa = PBXFrameworksBuildPhase;
			buildActionMask = 2147483647;
			files = (
			);
			runOnlyForDeploymentPostprocessing = 0;
		};
		FE3A224C2586D9FF0061468C /* Frameworks */ = {
			isa = PBXFrameworksBuildPhase;
			buildActionMask = 2147483647;
			files = (
			);
			runOnlyForDeploymentPostprocessing = 0;
		};
/* End PBXFrameworksBuildPhase section */

/* Begin PBXGroup section */
		FE3A222A2586D9FD0061468C = {
			isa = PBXGroup;
			children = (
				FE3A22352586D9FD0061468C /* cc */,
				FE3A22472586D9FE0061468C /* ccTests */,
				FE3A22522586D9FF0061468C /* ccUITests */,
				FE3A22342586D9FD0061468C /* Products */,
			);
			sourceTree = "<group>";
		};
		FE3A22342586D9FD0061468C /* Products */ = {
			isa = PBXGroup;
			children = (
				FE3A22332586D9FD0061468C /* cc.app */,
				FE3A22442586D9FE0061468C /* ccTests.xctest */,
				FE3A224F2586D9FF0061468C /* ccUITests.xctest */,
			);
			name = Products;
			sourceTree = "<group>";
		};
		FE3A22352586D9FD0061468C /* cc */ = {
			isa = PBXGroup;
			children = (
				FE3A22362586D9FD0061468C /* ccApp.swift */,
				FE3A22382586D9FD0061468C /* ContentView.swift */,
				FE3A223A2586D9FE0061468C /* Assets.xcassets */,
				FE3A223F2586D9FE0061468C /* Info.plist */,
				FE3A223C2586D9FE0061468C /* Preview Content */,
			);
			path = cc;
			sourceTree = "<group>";
		};
		FE3A223C2586D9FE0061468C /* Preview Content */ = {
			isa = PBXGroup;
			children = (
				FE3A223D2586D9FE0061468C /* Preview Assets.xcassets */,
			);
			path = "Preview Content";
			sourceTree = "<group>";
		};
		FE3A22472586D9FE0061468C /* ccTests */ = {
			isa = PBXGroup;
			children = (
				FE3A22482586D9FE0061468C /* ccTests.swift */,
				FE3A224A2586D9FF0061468C /* Info.plist */,
			);
			path = ccTests;
			sourceTree = "<group>";
		};
		FE3A22522586D9FF0061468C /* ccUITests */ = {
			isa = PBXGroup;
			children = (
				FE3A22532586D9FF0061468C /* ccUITests.swift */,
				FE3A22552586D9FF0061468C /* Info.plist */,
			);
			path = ccUITests;
			sourceTree = "<group>";
		};
/* End PBXGroup section */

/* Begin PBXNativeTarget section */
		FE3A22322586D9FD0061468C /* cc */ = {
			isa = PBXNativeTarget;
			buildConfigurationList = FE3A22582586D9FF0061468C /* Build configuration list for PBXNativeTarget "cc" */;
			buildPhases = (
				FE3A222F2586D9FD0061468C /* Sources */,
				FE3A22302586D9FD0061468C /* Frameworks */,
				FE3A22312586D9FD0061468C /* Resources */,
			);
			buildRules = (
			);
			dependencies = (
			);
			name = cc;
			productName = cc;
			productReference = FE3A22332586D9FD0061468C /* cc.app */;
			productType = "com.apple.product-type.application";
		};
		FE3A22432586D9FE0061468C /* ccTests */ = {
			isa = PBXNativeTarget;
			buildConfigurationList = FE3A225B2586D9FF0061468C /* Build configuration list for PBXNativeTarget "ccTests" */;
			buildPhases = (
				FE3A22402586D9FE0061468C /* Sources */,
				FE3A22412586D9FE0061468C /* Frameworks */,
				FE3A22422586D9FE0061468C /* Resources */,
			);
			buildRules = (
			);
			dependencies = (
				FE3A22462586D9FE0061468C /* PBXTargetDependency */,
			);
			name = ccTests;
			productName = ccTests;
			productReference = FE3A22442586D9FE0061468C /* ccTests.xctest */;
			productType = "com.apple.product-type.bundle.unit-test";
		};
		FE3A224E2586D9FF0061468C /* ccUITests */ = {
			isa = PBXNativeTarget;
			buildConfigurationList = FE3A225E2586D9FF0061468C /* Build configuration list for PBXNativeTarget "ccUITests" */;
			buildPhases = (
				FE3A224B2586D9FF0061468C /* Sources */,
				FE3A224C2586D9FF0061468C /* Frameworks */,
				FE3A224D2586D9FF0061468C /* Resources */,
			);
			buildRules = (
			);
			dependencies = (
				FE3A22512586D9FF0061468C /* PBXTargetDependency */,
			);
			name = ccUITests;
			productName = ccUITests;
			productReference = FE3A224F2586D9FF0061468C /* ccUITests.xctest */;
			productType = "com.apple.product-type.bundle.ui-testing";
		};
/* End PBXNativeTarget section */

/* Begin PBXProject section */
		FE3A222B2586D9FD0061468C /* Project object */ = {
			isa = PBXProject;
			attributes = {
				LastSwiftUpdateCheck = 1220;
				LastUpgradeCheck = 1220;
				TargetAttributes = {
					FE3A22322586D9FD0061468C = {
						CreatedOnToolsVersion = 12.2;
					};
					FE3A22432586D9FE0061468C = {
						CreatedOnToolsVersion = 12.2;
						TestTargetID = FE3A22322586D9FD0061468C;
					};
					FE3A224E2586D9FF0061468C = {
						CreatedOnToolsVersion = 12.2;
						TestTargetID = FE3A22322586D9FD0061468C;
					};
				};
			};
			buildConfigurationList = FE3A222E2586D9FD0061468C /* Build configuration list for PBXProject "cc" */;
			compatibilityVersion = "Xcode 9.3";
			developmentRegion = en;
			hasScannedForEncodings = 0;
			knownRegions = (
				en,
				Base,
			);
			mainGroup = FE3A222A2586D9FD0061468C;
			productRefGroup = FE3A22342586D9FD0061468C /* Products */;
			projectDirPath = "";
			projectRoot = "";
			targets = (
				FE3A22322586D9FD0061468C /* cc */,
				FE3A22432586D9FE0061468C /* ccTests */,
				FE3A224E2586D9FF0061468C /* ccUITests */,
			);
		};
/* End PBXProject section */

/* Begin PBXResourcesBuildPhase section */
		FE3A22312586D9FD0061468C /* Resources */ = {
			isa = PBXResourcesBuildPhase;
			buildActionMask = 2147483647;
			files = (
				FE3A223E2586D9FE0061468C /* Preview Assets.xcassets in Resources */,
				FE3A223B2586D9FE0061468C /* Assets.xcassets in Resources */,
			);
			runOnlyForDeploymentPostprocessing = 0;
		};
		FE3A22422586D9FE0061468C /* Resources */ = {
			isa = PBXResourcesBuildPhase;
			buildActionMask = 2147483647;
			files = (
			);
			runOnlyForDeploymentPostprocessing = 0;
		};
		FE3A224D2586D9FF0061468C /* Resources */ = {
			isa = PBXResourcesBuildPhase;
			buildActionMask = 2147483647;
			files = (
			);
			runOnlyForDeploymentPostprocessing = 0;
		};
/* End PBXResourcesBuildPhase section */

/* Begin PBXSourcesBuildPhase section */
		FE3A222F2586D9FD0061468C /* Sources */ = {
			isa = PBXSourcesBuildPhase;
			buildActionMask = 2147483647;
			files = (
				FE3A22392586D9FD0061468C /* ContentView.swift in Sources */,
				FE3A22372586D9FD0061468C /* ccApp.swift in Sources */,
			);
			runOnlyForDeploymentPostprocessing = 0;
		};
		FE3A22402586D9FE0061468C /* Sources */ = {
			isa = PBXSourcesBuildPhase;
			buildActionMask = 2147483647;
			files = (
				FE3A22492586D9FE0061468C /* ccTests.swift in Sources */,
			);
			runOnlyForDeploymentPostprocessing = 0;
		};
		FE3A224B2586D9FF0061468C /* Sources */ = {
			isa = PBXSourcesBuildPhase;
			buildActionMask = 2147483647;
			files = (
				FE3A22542586D9FF0061468C /* ccUITests.swift in Sources */,
			);
			runOnlyForDeploymentPostprocessing = 0;
		};
/* End PBXSourcesBuildPhase section */

/* Begin PBXTargetDependency section */
		FE3A22462586D9FE0061468C /* PBXTargetDependency */ = {
			isa = PBXTargetDependency;
			target = FE3A22322586D9FD0061468C /* cc */;
			targetProxy = FE3A22452586D9FE0061468C /* PBXContainerItemProxy */;
		};
		FE3A22512586D9FF0061468C /* PBXTargetDependency */ = {
			isa = PBXTargetDependency;
			target = FE3A22322586D9FD0061468C /* cc */;
			targetProxy = FE3A22502586D9FF0061468C /* PBXContainerItemProxy */;
		};
/* End PBXTargetDependency section */

/* Begin XCBuildConfiguration section */
		FE3A22562586D9FF0061468C /* Debug */ = {
			isa = XCBuildConfiguration;
			buildSettings = {
				ALWAYS_SEARCH_USER_PATHS = NO;
				CLANG_ANALYZER_NONNULL = YES;
				CLANG_ANALYZER_NUMBER_OBJECT_CONVERSION = YES_AGGRESSIVE;
				CLANG_CXX_LANGUAGE_STANDARD = "gnu++14";
				CLANG_CXX_LIBRARY = "libc++";
				CLANG_ENABLE_MODULES = YES;
				CLANG_ENABLE_OBJC_ARC = YES;
				CLANG_ENABLE_OBJC_WEAK = YES;
				CLANG_WARN_BLOCK_CAPTURE_AUTORELEASING = YES;
				CLANG_WARN_BOOL_CONVERSION = YES;
				CLANG_WARN_COMMA = YES;
				CLANG_WARN_CONSTANT_CONVERSION = YES;
				CLANG_WARN_DEPRECATED_OBJC_IMPLEMENTATIONS = YES;
				CLANG_WARN_DIRECT_OBJC_ISA_USAGE = YES_ERROR;
				CLANG_WARN_DOCUMENTATION_COMMENTS = YES;
				CLANG_WARN_EMPTY_BODY = YES;
				CLANG_WARN_ENUM_CONVERSION = YES;
				CLANG_WARN_INFINITE_RECURSION = YES;
				CLANG_WARN_INT_CONVERSION = YES;
				CLANG_WARN_NON_LITERAL_NULL_CONVERSION = YES;
				CLANG_WARN_OBJC_IMPLICIT_RETAIN_SELF = YES;
				CLANG_WARN_OBJC_LITERAL_CONVERSION = YES;
				CLANG_WARN_OBJC_ROOT_CLASS = YES_ERROR;
				CLANG_WARN_QUOTED_INCLUDE_IN_FRAMEWORK_HEADER = YES;
				CLANG_WARN_RANGE_LOOP_ANALYSIS = YES;
				CLANG_WARN_STRICT_PROTOTYPES = YES;
				CLANG_WARN_SUSPICIOUS_MOVE = YES;
				CLANG_WARN_UNGUARDED_AVAILABILITY = YES_AGGRESSIVE;
				CLANG_WARN_UNREACHABLE_CODE = YES;
				CLANG_WARN__DUPLICATE_METHOD_MATCH = YES;
				COPY_PHASE_STRIP = NO;
				DEBUG_INFORMATION_FORMAT = dwarf;
				ENABLE_STRICT_OBJC_MSGSEND = YES;
				ENABLE_TESTABILITY = YES;
				GCC_C_LANGUAGE_STANDARD = gnu11;
				GCC_DYNAMIC_NO_PIC = NO;
				GCC_NO_COMMON_BLOCKS = YES;
				GCC_OPTIMIZATION_LEVEL = 0;
				GCC_PREPROCESSOR_DEFINITIONS = (
					"DEBUG=1",
					"$(inherited)",
				);
				GCC_WARN_64_TO_32_BIT_CONVERSION = YES;
				GCC_WARN_ABOUT_RETURN_TYPE = YES_ERROR;
				GCC_WARN_UNDECLARED_SELECTOR = YES;
				GCC_WARN_UNINITIALIZED_AUTOS = YES_AGGRESSIVE;
				GCC_WARN_UNUSED_FUNCTION = YES;
				GCC_WARN_UNUSED_VARIABLE = YES;
				IPHONEOS_DEPLOYMENT_TARGET = 14.2;
				MTL_ENABLE_DEBUG_INFO = INCLUDE_SOURCE;
				MTL_FAST_MATH = YES;
				ONLY_ACTIVE_ARCH = YES;
				SDKROOT = iphoneos;
				SWIFT_ACTIVE_COMPILATION_CONDITIONS = DEBUG;
				SWIFT_OPTIMIZATION_LEVEL = "-Onone";
			};
			name = Debug;
		};
		FE3A22572586D9FF0061468C /* Release */ = {
			isa = XCBuildConfiguration;
			buildSettings = {
				ALWAYS_SEARCH_USER_PATHS = NO;
				CLANG_ANALYZER_NONNULL = YES;
				CLANG_ANALYZER_NUMBER_OBJECT_CONVERSION = YES_AGGRESSIVE;
				CLANG_CXX_LANGUAGE_STANDARD = "gnu++14";
				CLANG_CXX_LIBRARY = "libc++";
				CLANG_ENABLE_MODULES = YES;
				CLANG_ENABLE_OBJC_ARC = YES;
				CLANG_ENABLE_OBJC_WEAK = YES;
				CLANG_WARN_BLOCK_CAPTURE_AUTORELEASING = YES;
				CLANG_WARN_BOOL_CONVERSION = YES;
				CLANG_WARN_COMMA = YES;
				CLANG_WARN_CONSTANT_CONVERSION = YES;
				CLANG_WARN_DEPRECATED_OBJC_IMPLEMENTATIONS = YES;
				CLANG_WARN_DIRECT_OBJC_ISA_USAGE = YES_ERROR;
				CLANG_WARN_DOCUMENTATION_COMMENTS = YES;
				CLANG_WARN_EMPTY_BODY = YES;
				CLANG_WARN_ENUM_CONVERSION = YES;
				CLANG_WARN_INFINITE_RECURSION = YES;
				CLANG_WARN_INT_CONVERSION = YES;
				CLANG_WARN_NON_LITERAL_NULL_CONVERSION = YES;
				CLANG_WARN_OBJC_IMPLICIT_RETAIN_SELF = YES;
				CLANG_WARN_OBJC_LITERAL_CONVERSION = YES;
				CLANG_WARN_OBJC_ROOT_CLASS = YES_ERROR;
				CLANG_WARN_QUOTED_INCLUDE_IN_FRAMEWORK_HEADER = YES;
				CLANG_WARN_RANGE_LOOP_ANALYSIS = YES;
				CLANG_WARN_STRICT_PROTOTYPES = YES;
				CLANG_WARN_SUSPICIOUS_MOVE = YES;
				CLANG_WARN_UNGUARDED_AVAILABILITY = YES_AGGRESSIVE;
				CLANG_WARN_UNREACHABLE_CODE = YES;
				CLANG_WARN__DUPLICATE_METHOD_MATCH = YES;
				COPY_PHASE_STRIP = NO;
				DEBUG_INFORMATION_FORMAT = "dwarf-with-dsym";
				ENABLE_NS_ASSERTIONS = NO;
				ENABLE_STRICT_OBJC_MSGSEND = YES;
				GCC_C_LANGUAGE_STANDARD = gnu11;
				GCC_NO_COMMON_BLOCKS = YES;
				GCC_WARN_64_TO_32_BIT_CONVERSION = YES;
				GCC_WARN_ABOUT_RETURN_TYPE = YES_ERROR;
				GCC_WARN_UNDECLARED_SELECTOR = YES;
				GCC_WARN_UNINITIALIZED_AUTOS = YES_AGGRESSIVE;
				GCC_WARN_UNUSED_FUNCTION = YES;
				GCC_WARN_UNUSED_VARIABLE = YES;
				IPHONEOS_DEPLOYMENT_TARGET = 14.2;
				MTL_ENABLE_DEBUG_INFO = NO;
				MTL_FAST_MATH = YES;
				SDKROOT = iphoneos;
				SWIFT_COMPILATION_MODE = wholemodule;
				SWIFT_OPTIMIZATION_LEVEL = "-O";
				VALIDATE_PRODUCT = YES;
			};
			name = Release;
		};
		FE3A22592586D9FF0061468C /* Debug */ = {
			isa = XCBuildConfiguration;
			buildSettings = {
				ASSETCATALOG_COMPILER_APPICON_NAME = AppIcon;
				ASSETCATALOG_COMPILER_GLOBAL_ACCENT_COLOR_NAME = AccentColor;
				CODE_SIGN_STYLE = Automatic;
				DEVELOPMENT_ASSET_PATHS = "\"cc/Preview Content\"";
				DEVELOPMENT_TEAM = LMJBYFW6C8;
				ENABLE_PREVIEWS = YES;
				INFOPLIST_FILE = cc/Info.plist;
				IPHONEOS_DEPLOYMENT_TARGET = 14.0;
				LD_RUNPATH_SEARCH_PATHS = (
					"$(inherited)",
					"@executable_path/Frameworks",
				);
				PRODUCT_BUNDLE_IDENTIFIER = com.sj.cc;
				PRODUCT_NAME = "$(TARGET_NAME)";
				SWIFT_VERSION = 5.0;
				TARGETED_DEVICE_FAMILY = "1,2";
			};
			name = Debug;
		};
		FE3A225A2586D9FF0061468C /* Release */ = {
			isa = XCBuildConfiguration;
			buildSettings = {
				ASSETCATALOG_COMPILER_APPICON_NAME = AppIcon;
				ASSETCATALOG_COMPILER_GLOBAL_ACCENT_COLOR_NAME = AccentColor;
				CODE_SIGN_STYLE = Automatic;
				DEVELOPMENT_ASSET_PATHS = "\"cc/Preview Content\"";
				DEVELOPMENT_TEAM = LMJBYFW6C8;
				ENABLE_PREVIEWS = YES;
				INFOPLIST_FILE = cc/Info.plist;
				IPHONEOS_DEPLOYMENT_TARGET = 14.0;
				LD_RUNPATH_SEARCH_PATHS = (
					"$(inherited)",
					"@executable_path/Frameworks",
				);
				PRODUCT_BUNDLE_IDENTIFIER = com.sj.cc;
				PRODUCT_NAME = "$(TARGET_NAME)";
				SWIFT_VERSION = 5.0;
				TARGETED_DEVICE_FAMILY = "1,2";
			};
			name = Release;
		};
		FE3A225C2586D9FF0061468C /* Debug */ = {
			isa = XCBuildConfiguration;
			buildSettings = {
				ALWAYS_EMBED_SWIFT_STANDARD_LIBRARIES = YES;
				BUNDLE_LOADER = "$(TEST_HOST)";
				CODE_SIGN_STYLE = Automatic;
				DEVELOPMENT_TEAM = LMJBYFW6C8;
				INFOPLIST_FILE = ccTests/Info.plist;
				IPHONEOS_DEPLOYMENT_TARGET = 14.0;
				LD_RUNPATH_SEARCH_PATHS = (
					"$(inherited)",
					"@executable_path/Frameworks",
					"@loader_path/Frameworks",
				);
				PRODUCT_BUNDLE_IDENTIFIER = com.sj.ccTests;
				PRODUCT_NAME = "$(TARGET_NAME)";
				SWIFT_VERSION = 5.0;
				TARGETED_DEVICE_FAMILY = "1,2";
				TEST_HOST = "$(BUILT_PRODUCTS_DIR)/cc.app/cc";
			};
			name = Debug;
		};
		FE3A225D2586D9FF0061468C /* Release */ = {
			isa = XCBuildConfiguration;
			buildSettings = {
				ALWAYS_EMBED_SWIFT_STANDARD_LIBRARIES = YES;
				BUNDLE_LOADER = "$(TEST_HOST)";
				CODE_SIGN_STYLE = Automatic;
				DEVELOPMENT_TEAM = LMJBYFW6C8;
				INFOPLIST_FILE = ccTests/Info.plist;
				IPHONEOS_DEPLOYMENT_TARGET = 14.0;
				LD_RUNPATH_SEARCH_PATHS = (
					"$(inherited)",
					"@executable_path/Frameworks",
					"@loader_path/Frameworks",
				);
				PRODUCT_BUNDLE_IDENTIFIER = com.sj.ccTests;
				PRODUCT_NAME = "$(TARGET_NAME)";
				SWIFT_VERSION = 5.0;
				TARGETED_DEVICE_FAMILY = "1,2";
				TEST_HOST = "$(BUILT_PRODUCTS_DIR)/cc.app/cc";
			};
			name = Release;
		};
		FE3A225F2586D9FF0061468C /* Debug */ = {
			isa = XCBuildConfiguration;
			buildSettings = {
				ALWAYS_EMBED_SWIFT_STANDARD_LIBRARIES = YES;
				CODE_SIGN_STYLE = Automatic;
				DEVELOPMENT_TEAM = LMJBYFW6C8;
				INFOPLIST_FILE = ccUITests/Info.plist;
				LD_RUNPATH_SEARCH_PATHS = (
					"$(inherited)",
					"@executable_path/Frameworks",
					"@loader_path/Frameworks",
				);
				PRODUCT_BUNDLE_IDENTIFIER = com.sj.ccUITests;
				PRODUCT_NAME = "$(TARGET_NAME)";
				SWIFT_VERSION = 5.0;
				TARGETED_DEVICE_FAMILY = "1,2";
				TEST_TARGET_NAME = cc;
			};
			name = Debug;
		};
		FE3A22602586D9FF0061468C /* Release */ = {
			isa = XCBuildConfiguration;
			buildSettings = {
				ALWAYS_EMBED_SWIFT_STANDARD_LIBRARIES = YES;
				CODE_SIGN_STYLE = Automatic;
				DEVELOPMENT_TEAM = LMJBYFW6C8;
				INFOPLIST_FILE = ccUITests/Info.plist;
				LD_RUNPATH_SEARCH_PATHS = (
					"$(inherited)",
					"@executable_path/Frameworks",
					"@loader_path/Frameworks",
				);
				PRODUCT_BUNDLE_IDENTIFIER = com.sj.ccUITests;
				PRODUCT_NAME = "$(TARGET_NAME)";
				SWIFT_VERSION = 5.0;
				TARGETED_DEVICE_FAMILY = "1,2";
				TEST_TARGET_NAME = cc;
			};
			name = Release;
		};
/* End XCBuildConfiguration section */

/* Begin XCConfigurationList section */
		FE3A222E2586D9FD0061468C /* Build configuration list for PBXProject "cc" */ = {
			isa = XCConfigurationList;
			buildConfigurations = (
				FE3A22562586D9FF0061468C /* Debug */,
				FE3A22572586D9FF0061468C /* Release */,
			);
			defaultConfigurationIsVisible = 0;
			defaultConfigurationName = Release;
		};
		FE3A22582586D9FF0061468C /* Build configuration list for PBXNativeTarget "cc" */ = {
			isa = XCConfigurationList;
			buildConfigurations = (
				FE3A22592586D9FF0061468C /* Debug */,
				FE3A225A2586D9FF0061468C /* Release */,
			);
			defaultConfigurationIsVisible = 0;
			defaultConfigurationName = Release;
		};
		FE3A225B2586D9FF0061468C /* Build configuration list for PBXNativeTarget "ccTests" */ = {
			isa = XCConfigurationList;
			buildConfigurations = (
				FE3A225C2586D9FF0061468C /* Debug */,
				FE3A225D2586D9FF0061468C /* Release */,
			);
			defaultConfigurationIsVisible = 0;
			defaultConfigurationName = Release;
		};
		FE3A225E2586D9FF0061468C /* Build configuration list for PBXNativeTarget "ccUITests" */ = {
			isa = XCConfigurationList;
			buildConfigurations = (
				FE3A225F2586D9FF0061468C /* Debug */,
				FE3A22602586D9FF0061468C /* Release */,
			);
			defaultConfigurationIsVisible = 0;
			defaultConfigurationName = Release;
		};
/* End XCConfigurationList section */
	};
	rootObject = FE3A222B2586D9FD0061468C /* Project object */;
}
